
Microsoft Visual Studio Solution File, Format Version 12.00
# Visual Studio Version 16
VisualStudioVersion = 16.0.29519.87
MinimumVisualStudioVersion = 10.0.40219.1
Project("{FAE04EC0-301F-11D3-BF4B-00C04F79EFBC}") = "GeoArcSysModdingTool", "GeoArcSysModdingTool\GeoArcSysModdingTool.csproj", "{17F9C459-739F-40F7-8B10-82078E7C6652}"
EndProject
Project("{FAE04EC0-301F-11D3-BF4B-00C04F79EFBC}") = "ExtendedWPFToolkit", "..\..\..\Projects\ExtendedWPFToolkit\ExtendedWPFToolkit\ExtendedWPFToolkit.csproj", "{E1B356BC-9156-4379-B166-72E88453480B}"
EndProject
Project("{9A19103F-16F7-4668-BE54-9A1E7A4F7556}") = "MaterialDesignColors.Wpf", "..\..\..\Projects\MaterialDesignInXamlToolkit\MaterialDesignColors.Wpf\MaterialDesignColors.Wpf.csproj", "{E12EA9D9-CF5E-4E71-BA78-B24C958E402E}"
EndProject
Project("{9A19103F-16F7-4668-BE54-9A1E7A4F7556}") = "MaterialDesignThemes.Wpf", "..\..\..\Projects\MaterialDesignInXamlToolkit\MaterialDesignThemes.Wpf\MaterialDesignThemes.Wpf.csproj", "{1A34FD97-FC06-4726-A447-47E21F5B5E55}"
EndProject
Project("{FAE04EC0-301F-11D3-BF4B-00C04F79EFBC}") = "GHLib", "lib\GHLib\GHLib\GHLib.csproj", "{DF9D041F-0974-4A6F-BC30-274E0F915D89}"
EndProject
Project("{FAE04EC0-301F-11D3-BF4B-00C04F79EFBC}") = "MemoryLib", "lib\GHLib\lib\MemoryLib\MemoryLib\MemoryLib.csproj", "{2C4D35DD-4715-4A66-9D2C-9FEAC0CE3F4A}"
EndProject
Project("{FAE04EC0-301F-11D3-BF4B-00C04F79EFBC}") = "ProcessLib", "lib\GHLib\lib\ProcessLib\ProcessLib\ProcessLib.csproj", "{8579E524-8611-43DE-A7C4-5D7D5F7E0308}"
EndProject
Project("{FAE04EC0-301F-11D3-BF4B-00C04F79EFBC}") = "ArcSysAPI", "lib\ArcSysAPI\ArcSysAPI\ArcSysAPI.csproj", "{78146821-FBC1-43AF-B515-BE2822CBBCBB}"
EndProject
Global
	GlobalSection(SolutionConfigurationPlatforms) = preSolution
		Debug|Any CPU = Debug|Any CPU
		Debug|x64 = Debug|x64
		Release|Any CPU = Release|Any CPU
		Release|x64 = Release|x64
	EndGlobalSection
	GlobalSection(ProjectConfigurationPlatforms) = postSolution
		{17F9C459-739F-40F7-8B10-82078E7C6652}.Debug|Any CPU.ActiveCfg = Debug|Any CPU
		{17F9C459-739F-40F7-8B10-82078E7C6652}.Debug|Any CPU.Build.0 = Debug|Any CPU
		{17F9C459-739F-40F7-8B10-82078E7C6652}.Debug|x64.ActiveCfg = Debug|x64
		{17F9C459-739F-40F7-8B10-82078E7C6652}.Debug|x64.Build.0 = Debug|x64
		{17F9C459-739F-40F7-8B10-82078E7C6652}.Release|Any CPU.ActiveCfg = Release|Any CPU
		{17F9C459-739F-40F7-8B10-82078E7C6652}.Release|Any CPU.Build.0 = Release|Any CPU
		{17F9C459-739F-40F7-8B10-82078E7C6652}.Release|x64.ActiveCfg = Release|x64
		{17F9C459-739F-40F7-8B10-82078E7C6652}.Release|x64.Build.0 = Release|x64
		{E1B356BC-9156-4379-B166-72E88453480B}.Debug|Any CPU.ActiveCfg = Debug|Any CPU
		{E1B356BC-9156-4379-B166-72E88453480B}.Debug|Any CPU.Build.0 = Debug|Any CPU
		{E1B356BC-9156-4379-B166-72E88453480B}.Debug|x64.ActiveCfg = Debug|Any CPU
		{E1B356BC-9156-4379-B166-72E88453480B}.Debug|x64.Build.0 = Debug|Any CPU
		{E1B356BC-9156-4379-B166-72E88453480B}.Release|Any CPU.ActiveCfg = Release|Any CPU
		{E1B356BC-9156-4379-B166-72E88453480B}.Release|Any CPU.Build.0 = Release|Any CPU
		{E1B356BC-9156-4379-B166-72E88453480B}.Release|x64.ActiveCfg = Release|Any CPU
		{E1B356BC-9156-4379-B166-72E88453480B}.Release|x64.Build.0 = Release|Any CPU
		{E12EA9D9-CF5E-4E71-BA78-B24C958E402E}.Debug|Any CPU.ActiveCfg = Debug|Any CPU
		{E12EA9D9-CF5E-4E71-BA78-B24C958E402E}.Debug|Any CPU.Build.0 = Debug|Any CPU
		{E12EA9D9-CF5E-4E71-BA78-B24C958E402E}.Debug|x64.ActiveCfg = Debug|Any CPU
		{E12EA9D9-CF5E-4E71-BA78-B24C958E402E}.Debug|x64.Build.0 = Debug|Any CPU
		{E12EA9D9-CF5E-4E71-BA78-B24C958E402E}.Release|Any CPU.ActiveCfg = Release|Any CPU
		{E12EA9D9-CF5E-4E71-BA78-B24C958E402E}.Release|Any CPU.Build.0 = Release|Any CPU
		{E12EA9D9-CF5E-4E71-BA78-B24C958E402E}.Release|x64.ActiveCfg = Release|Any CPU
		{E12EA9D9-CF5E-4E71-BA78-B24C958E402E}.Release|x64.Build.0 = Release|Any CPU
		{1A34FD97-FC06-4726-A447-47E21F5B5E55}.Debug|Any CPU.ActiveCfg = Debug|Any CPU
		{1A34FD97-FC06-4726-A447-47E21F5B5E55}.Debug|Any CPU.Build.0 = Debug|Any CPU
		{1A34FD97-FC06-4726-A447-47E21F5B5E55}.Debug|x64.ActiveCfg = Debug|Any CPU
		{1A34FD97-FC06-4726-A447-47E21F5B5E55}.Debug|x64.Build.0 = Debug|Any CPU
		{1A34FD97-FC06-4726-A447-47E21F5B5E55}.Release|Any CPU.ActiveCfg = Release|Any CPU
		{1A34FD97-FC06-4726-A447-47E21F5B5E55}.Release|Any CPU.Build.0 = Release|Any CPU
		{1A34FD97-FC06-4726-A447-47E21F5B5E55}.Release|x64.ActiveCfg = Release|Any CPU
		{1A34FD97-FC06-4726-A447-47E21F5B5E55}.Release|x64.Build.0 = Release|Any CPU
		{DF9D041F-0974-4A6F-BC30-274E0F915D89}.Debug|Any CPU.ActiveCfg = Debug|Any CPU
		{DF9D041F-0974-4A6F-BC30-274E0F915D89}.Debug|Any CPU.Build.0 = Debug|Any CPU
		{DF9D041F-0974-4A6F-BC30-274E0F915D89}.Debug|x64.ActiveCfg = Debug|Any CPU
		{DF9D041F-0974-4A6F-BC30-274E0F915D89}.Debug|x64.Build.0 = Debug|Any CPU
		{DF9D041F-0974-4A6F-BC30-274E0F915D89}.Release|Any CPU.ActiveCfg = Release|Any CPU
		{DF9D041F-0974-4A6F-BC30-274E0F915D89}.Release|Any CPU.Build.0 = Release|Any CPU
		{DF9D041F-0974-4A6F-BC30-274E0F915D89}.Release|x64.ActiveCfg = Release|Any CPU
		{DF9D041F-0974-4A6F-BC30-274E0F915D89}.Release|x64.Build.0 = Release|Any CPU
		{2C4D35DD-4715-4A66-9D2C-9FEAC0CE3F4A}.Debug|Any CPU.ActiveCfg = Debug|Any CPU
		{2C4D35DD-4715-4A66-9D2C-9FEAC0CE3F4A}.Debug|Any CPU.Build.0 = Debug|Any CPU
		{2C4D35DD-4715-4A66-9D2C-9FEAC0CE3F4A}.Debug|x64.ActiveCfg = Debug|Any CPU
		{2C4D35DD-4715-4A66-9D2C-9FEAC0CE3F4A}.Debug|x64.Build.0 = Debug|Any CPU
		{2C4D35DD-4715-4A66-9D2C-9FEAC0CE3F4A}.Release|Any CPU.ActiveCfg = Release|Any CPU
		{2C4D35DD-4715-4A66-9D2C-9FEAC0CE3F4A}.Release|Any CPU.Build.0 = Release|Any CPU
		{2C4D35DD-4715-4A66-9D2C-9FEAC0CE3F4A}.Release|x64.ActiveCfg = Release|Any CPU
		{2C4D35DD-4715-4A66-9D2C-9FEAC0CE3F4A}.Release|x64.Build.0 = Release|Any CPU
		{8579E524-8611-43DE-A7C4-5D7D5F7E0308}.Debug|Any CPU.ActiveCfg = Debug|Any CPU
		{8579E524-8611-43DE-A7C4-5D7D5F7E0308}.Debug|Any CPU.Build.0 = Debug|Any CPU
		{8579E524-8611-43DE-A7C4-5D7D5F7E0308}.Debug|x64.ActiveCfg = Debug|Any CPU
		{8579E524-8611-43DE-A7C4-5D7D5F7E0308}.Debug|x64.Build.0 = Debug|Any CPU
		{8579E524-8611-43DE-A7C4-5D7D5F7E0308}.Release|Any CPU.ActiveCfg = Release|Any CPU
		{8579E524-8611-43DE-A7C4-5D7D5F7E0308}.Release|Any CPU.Build.0 = Release|Any CPU
		{8579E524-8611-43DE-A7C4-5D7D5F7E0308}.Release|x64.ActiveCfg = Release|Any CPU
		{8579E524-8611-43DE-A7C4-5D7D5F7E0308}.Release|x64.Build.0 = Release|Any CPU
		{78146821-FBC1-43AF-B515-BE2822CBBCBB}.Debug|Any CPU.ActiveCfg = Debug|Any CPU
		{78146821-FBC1-43AF-B515-BE2822CBBCBB}.Debug|Any CPU.Build.0 = Debug|Any CPU
		{78146821-FBC1-43AF-B515-BE2822CBBCBB}.Debug|x64.ActiveCfg = Debug|Any CPU
		{78146821-FBC1-43AF-B515-BE2822CBBCBB}.Debug|x64.Build.0 = Debug|Any CPU
		{78146821-FBC1-43AF-B515-BE2822CBBCBB}.Release|Any CPU.ActiveCfg = Release|Any CPU
		{78146821-FBC1-43AF-B515-BE2822CBBCBB}.Release|Any CPU.Build.0 = Release|Any CPU
		{78146821-FBC1-43AF-B515-BE2822CBBCBB}.Release|x64.ActiveCfg = Release|Any CPU
		{78146821-FBC1-43AF-B515-BE2822CBBCBB}.Release|x64.Build.0 = Release|Any CPU
	EndGlobalSection
	GlobalSection(SolutionProperties) = preSolution
		HideSolutionNode = FALSE
	EndGlobalSection
	GlobalSection(ExtensibilityGlobals) = postSolution
		SolutionGuid = {6A073DA5-93BA-46F8-A798-0546F55DEA06}
	EndGlobalSection
EndGlobal
